Microsoft Visual Studio Solution File, Format Version 12.00
# Visual Studio Version 17
VisualStudioVersion = 17.5.2.0
MinimumVisualStudioVersion = 10.0.40219.1
Project("{FAE04EC0-301F-11D3-BF4B-00C04F79EFBC}") = "CodeWorks.Auth0Provider", "CodeWorks.Auth0Provider.csproj", "{38B4A89E-5E98-60A7-764C-EDE1E60215D3}"
EndProject
Global
	GlobalSection(SolutionConfigurationPlatforms) = preSolution
		Debug|Any CPU = Debug|Any CPU
		Release|Any CPU = Release|Any CPU
	EndGlobalSection
	GlobalSection(ProjectConfigurationPlatforms) = postSolution
		{38B4A89E-5E98-60A7-764C-EDE1E60215D3}.Debug|Any CPU.ActiveCfg = Debug|Any CPU
		{38B4A89E-5E98-60A7-764C-EDE1E60215D3}.Debug|Any CPU.Build.0 = Debug|Any CPU
		{38B4A89E-5E98-60A7-764C-EDE1E60215D3}.Release|Any CPU.ActiveCfg = Release|Any CPU
		{38B4A89E-5E98-60A7-764C-EDE1E60215D3}.Release|Any CPU.Build.0 = Release|Any CPU
	EndGlobalSection
	GlobalSection(SolutionProperties) = preSolution
		HideSolutionNode = FALSE
	EndGlobalSection
	GlobalSection(ExtensibilityGlobals) = postSolution
		SolutionGuid = {B869A293-60CA-406A-A06C-20A9E6B11C19}
	EndGlobalSection
EndGlobal
